// !$*UTF8*$!
{
	archiveVersion = 1;
	classes = {
	};
	objectVersion = 46;
	objects = {

/* Begin PBXBuildFile section */
		218097211B32897900AA7AFF /* AdicionarMateriaTableViewController.swift in Sources */ = {isa = PBXBuildFile; fileRef = 218097201B32897900AA7AFF /* AdicionarMateriaTableViewController.swift */; };
		218097231B33126A00AA7AFF /* MateriaTableViewCell.swift in Sources */ = {isa = PBXBuildFile; fileRef = 218097221B33126A00AA7AFF /* MateriaTableViewCell.swift */; };
		21ADD80B1B34953D00AD9678 /* CloudKit.framework in Frameworks */ = {isa = PBXBuildFile; fileRef = 21ADD80A1B34953D00AD9678 /* CloudKit.framework */; };
		4BBCDFFA1B27570E0072F08B /* MainIpad.storyboard in Resources */ = {isa = PBXBuildFile; fileRef = 4BBCDFF91B27570E0072F08B /* MainIpad.storyboard */; };
		4BBCDFFC1B2762770072F08B /* ProfileViewController.swift in Sources */ = {isa = PBXBuildFile; fileRef = 4BBCDFFB1B2762770072F08B /* ProfileViewController.swift */; };
		4BBCDFFE1B277B0A0072F08B /* AlunoManager.swift in Sources */ = {isa = PBXBuildFile; fileRef = 4BBCDFFD1B277B0A0072F08B /* AlunoManager.swift */; };
		4BBCE0001B277E1F0072F08B /* AvaliacaoManager.swift in Sources */ = {isa = PBXBuildFile; fileRef = 4BBCDFFF1B277E1F0072F08B /* AvaliacaoManager.swift */; };
		4BCDA6BD1B2BC4C5003D8B01 /* MateriasTableViewController.swift in Sources */ = {isa = PBXBuildFile; fileRef = 4BCDA6BC1B2BC4C5003D8B01 /* MateriasTableViewController.swift */; };
		4BCFC4D91B2B0725007E85F5 /* Aluno.swift in Sources */ = {isa = PBXBuildFile; fileRef = 4BCFC4D81B2B0725007E85F5 /* Aluno.swift */; };
		4BCFC4DD1B2B09E7007E85F5 /* Materia.swift in Sources */ = {isa = PBXBuildFile; fileRef = 4BCFC4DC1B2B09E7007E85F5 /* Materia.swift */; };
		4BCFC4DF1B2B09E8007E85F5 /* Avaliacao.swift in Sources */ = {isa = PBXBuildFile; fileRef = 4BCFC4DE1B2B09E8007E85F5 /* Avaliacao.swift */; };
		4BCFC4E21B2B0AC2007E85F5 /* CoreDataManager.swift in Sources */ = {isa = PBXBuildFile; fileRef = 4BCFC4E11B2B0AC2007E85F5 /* CoreDataManager.swift */; };
		4BCFC4E41B2B10DF007E85F5 /* MateriaManager.swift in Sources */ = {isa = PBXBuildFile; fileRef = 4BCFC4E31B2B10DF007E85F5 /* MateriaManager.swift */; };
		4BD6B3391B25FFC600451E4C /* AppDelegate.swift in Sources */ = {isa = PBXBuildFile; fileRef = 4BD6B3381B25FFC600451E4C /* AppDelegate.swift */; };
		4BD6B33C1B25FFC600451E4C /* SchedulerApp.xcdatamodeld in Sources */ = {isa = PBXBuildFile; fileRef = 4BD6B33A1B25FFC600451E4C /* SchedulerApp.xcdatamodeld */; };
		4BD6B33E1B25FFC600451E4C /* ViewController.swift in Sources */ = {isa = PBXBuildFile; fileRef = 4BD6B33D1B25FFC600451E4C /* ViewController.swift */; };
		4BD6B3411B25FFC600451E4C /* StoryBoardIphone.storyboard in Resources */ = {isa = PBXBuildFile; fileRef = 4BD6B33F1B25FFC600451E4C /* StoryBoardIphone.storyboard */; };
		4BD6B3431B25FFC600451E4C /* Images.xcassets in Resources */ = {isa = PBXBuildFile; fileRef = 4BD6B3421B25FFC600451E4C /* Images.xcassets */; };
		4BD6B3461B25FFC600451E4C /* LaunchScreen.xib in Resources */ = {isa = PBXBuildFile; fileRef = 4BD6B3441B25FFC600451E4C /* LaunchScreen.xib */; };
		4BD6B3521B25FFC600451E4C /* SchedulerAppTests.swift in Sources */ = {isa = PBXBuildFile; fileRef = 4BD6B3511B25FFC600451E4C /* SchedulerAppTests.swift */; };
		4BD6B3601B26135800451E4C /* EditProfileViewController.swift in Sources */ = {isa = PBXBuildFile; fileRef = 4BD6B35F1B26135800451E4C /* EditProfileViewController.swift */; };
		4BD739F81B2D1CD400509E04 /* testeSalvarMateria.swift in Sources */ = {isa = PBXBuildFile; fileRef = 4BD739F71B2D1CD400509E04 /* testeSalvarMateria.swift */; };
		4BD739FA1B2D209100509E04 /* DadosUsuárioTableViewController.swift in Sources */ = {isa = PBXBuildFile; fileRef = 4BD739F91B2D209100509E04 /* DadosUsuárioTableViewController.swift */; };
		4BD739FC1B2D26FB00509E04 /* FirstTableViewController.swift in Sources */ = {isa = PBXBuildFile; fileRef = 4BD739FB1B2D26FB00509E04 /* FirstTableViewController.swift */; };
		4BEC1C7F1B2B5E0200F8C024 /* AdicionarTarefaTableViewController.swift in Sources */ = {isa = PBXBuildFile; fileRef = 4BEC1C7E1B2B5E0200F8C024 /* AdicionarTarefaTableViewController.swift */; };
		6EB9CCB41B27669D00D5ED5B /* calendarioView.swift in Sources */ = {isa = PBXBuildFile; fileRef = 6EB9CCB31B27669D00D5ED5B /* calendarioView.swift */; };
		6EB9CCB61B2766AC00D5ED5B /* AgendaViewController.swift in Sources */ = {isa = PBXBuildFile; fileRef = 6EB9CCB51B2766AC00D5ED5B /* AgendaViewController.swift */; };
		6EC09A811B30EAD60090F2F0 /* TarefaTableViewController.swift in Sources */ = {isa = PBXBuildFile; fileRef = 6EC09A801B30EAD60090F2F0 /* TarefaTableViewController.swift */; };
		6EC09A831B30F1D80090F2F0 /* TarefaTableViewCell.swift in Sources */ = {isa = PBXBuildFile; fileRef = 6EC09A821B30F1D80090F2F0 /* TarefaTableViewCell.swift */; };
		6EC09A851B3245070090F2F0 /* MateriaViewController.swift in Sources */ = {isa = PBXBuildFile; fileRef = 6EC09A841B3245070090F2F0 /* MateriaViewController.swift */; };
/* End PBXBuildFile section */

/* Begin PBXContainerItemProxy section */
		4BD6B34C1B25FFC600451E4C /* PBXContainerItemProxy */ = {
			isa = PBXContainerItemProxy;
			containerPortal = 4BD6B32B1B25FFC600451E4C /* Project object */;
			proxyType = 1;
			remoteGlobalIDString = 4BD6B3321B25FFC600451E4C;
			remoteInfo = SchedulerApp;
		};
/* End PBXContainerItemProxy section */

/* Begin PBXFileReference section */
		218097201B32897900AA7AFF /* AdicionarMateriaTableViewController.swift */ = {isa = PBXFileReference; fileEncoding = 4; lastKnownFileType = sourcecode.swift; path = AdicionarMateriaTableViewController.swift; sourceTree = "<group>"; };
		218097221B33126A00AA7AFF /* MateriaTableViewCell.swift */ = {isa = PBXFileReference; fileEncoding = 4; lastKnownFileType = sourcecode.swift; path = MateriaTableViewCell.swift; sourceTree = "<group>"; };
		21ADD8091B34952800AD9678 /* SchedulerApp.entitlements */ = {isa = PBXFileReference; lastKnownFileType = text.xml; path = SchedulerApp.entitlements; sourceTree = "<group>"; };
		21ADD80A1B34953D00AD9678 /* CloudKit.framework */ = {isa = PBXFileReference; lastKnownFileType = wrapper.framework; name = CloudKit.framework; path = System/Library/Frameworks/CloudKit.framework; sourceTree = SDKROOT; };
		4BBCDFF91B27570E0072F08B /* MainIpad.storyboard */ = {isa = PBXFileReference; fileEncoding = 4; lastKnownFileType = file.storyboard; path = MainIpad.storyboard; sourceTree = "<group>"; };
		4BBCDFFB1B2762770072F08B /* ProfileViewController.swift */ = {isa = PBXFileReference; fileEncoding = 4; lastKnownFileType = sourcecode.swift; path = ProfileViewController.swift; sourceTree = "<group>"; };
		4BBCDFFD1B277B0A0072F08B /* AlunoManager.swift */ = {isa = PBXFileReference; fileEncoding = 4; lastKnownFileType = sourcecode.swift; path = AlunoManager.swift; sourceTree = "<group>"; };
		4BBCDFFF1B277E1F0072F08B /* AvaliacaoManager.swift */ = {isa = PBXFileReference; fileEncoding = 4; lastKnownFileType = sourcecode.swift; path = AvaliacaoManager.swift; sourceTree = "<group>"; };
		4BCDA6BC1B2BC4C5003D8B01 /* MateriasTableViewController.swift */ = {isa = PBXFileReference; fileEncoding = 4; lastKnownFileType = sourcecode.swift; path = MateriasTableViewController.swift; sourceTree = "<group>"; };
		4BCFC4D81B2B0725007E85F5 /* Aluno.swift */ = {isa = PBXFileReference; fileEncoding = 4; lastKnownFileType = sourcecode.swift; path = Aluno.swift; sourceTree = "<group>"; };
		4BCFC4DC1B2B09E7007E85F5 /* Materia.swift */ = {isa = PBXFileReference; fileEncoding = 4; lastKnownFileType = sourcecode.swift; path = Materia.swift; sourceTree = "<group>"; };
		4BCFC4DE1B2B09E8007E85F5 /* Avaliacao.swift */ = {isa = PBXFileReference; fileEncoding = 4; lastKnownFileType = sourcecode.swift; path = Avaliacao.swift; sourceTree = "<group>"; };
		4BCFC4E11B2B0AC2007E85F5 /* CoreDataManager.swift */ = {isa = PBXFileReference; fileEncoding = 4; lastKnownFileType = sourcecode.swift; path = CoreDataManager.swift; sourceTree = "<group>"; };
		4BCFC4E31B2B10DF007E85F5 /* MateriaManager.swift */ = {isa = PBXFileReference; fileEncoding = 4; lastKnownFileType = sourcecode.swift; path = MateriaManager.swift; sourceTree = "<group>"; };
		4BD6B3331B25FFC600451E4C /* SchedulerApp.app */ = {isa = PBXFileReference; explicitFileType = wrapper.application; includeInIndex = 0; path = SchedulerApp.app; sourceTree = BUILT_PRODUCTS_DIR; };
		4BD6B3371B25FFC600451E4C /* Info.plist */ = {isa = PBXFileReference; lastKnownFileType = text.plist.xml; path = Info.plist; sourceTree = "<group>"; };
		4BD6B3381B25FFC600451E4C /* AppDelegate.swift */ = {isa = PBXFileReference; lastKnownFileType = sourcecode.swift; path = AppDelegate.swift; sourceTree = "<group>"; };
		4BD6B33B1B25FFC600451E4C /* SchedulerApp.xcdatamodel */ = {isa = PBXFileReference; lastKnownFileType = wrapper.xcdatamodel; path = SchedulerApp.xcdatamodel; sourceTree = "<group>"; };
		4BD6B33D1B25FFC600451E4C /* ViewController.swift */ = {isa = PBXFileReference; lastKnownFileType = sourcecode.swift; path = ViewController.swift; sourceTree = "<group>"; };
		4BD6B3401B25FFC600451E4C /* Base */ = {isa = PBXFileReference; lastKnownFileType = file.storyboard; name = Base; path = Base.lproj/StoryBoardIphone.storyboard; sourceTree = "<group>"; };
		4BD6B3421B25FFC600451E4C /* Images.xcassets */ = {isa = PBXFileReference; lastKnownFileType = folder.assetcatalog; path = Images.xcassets; sourceTree = "<group>"; };
		4BD6B3451B25FFC600451E4C /* Base */ = {isa = PBXFileReference; lastKnownFileType = file.xib; name = Base; path = Base.lproj/LaunchScreen.xib; sourceTree = "<group>"; };
		4BD6B34B1B25FFC600451E4C /* SchedulerAppTests.xctest */ = {isa = PBXFileReference; explicitFileType = wrapper.cfbundle; includeInIndex = 0; path = SchedulerAppTests.xctest; sourceTree = BUILT_PRODUCTS_DIR; };
		4BD6B3501B25FFC600451E4C /* Info.plist */ = {isa = PBXFileReference; lastKnownFileType = text.plist.xml; path = Info.plist; sourceTree = "<group>"; };
		4BD6B3511B25FFC600451E4C /* SchedulerAppTests.swift */ = {isa = PBXFileReference; lastKnownFileType = sourcecode.swift; path = SchedulerAppTests.swift; sourceTree = "<group>"; };
		4BD6B35F1B26135800451E4C /* EditProfileViewController.swift */ = {isa = PBXFileReference; fileEncoding = 4; lastKnownFileType = sourcecode.swift; path = EditProfileViewController.swift; sourceTree = "<group>"; };
		4BD739F71B2D1CD400509E04 /* testeSalvarMateria.swift */ = {isa = PBXFileReference; fileEncoding = 4; lastKnownFileType = sourcecode.swift; path = testeSalvarMateria.swift; sourceTree = "<group>"; };
		4BD739F91B2D209100509E04 /* DadosUsuárioTableViewController.swift */ = {isa = PBXFileReference; fileEncoding = 4; lastKnownFileType = sourcecode.swift; path = "DadosUsuárioTableViewController.swift"; sourceTree = "<group>"; };
		4BD739FB1B2D26FB00509E04 /* FirstTableViewController.swift */ = {isa = PBXFileReference; fileEncoding = 4; lastKnownFileType = sourcecode.swift; path = FirstTableViewController.swift; sourceTree = "<group>"; };
		4BEC1C7E1B2B5E0200F8C024 /* AdicionarTarefaTableViewController.swift */ = {isa = PBXFileReference; fileEncoding = 4; lastKnownFileType = sourcecode.swift; path = AdicionarTarefaTableViewController.swift; sourceTree = "<group>"; };
		6EB9CCB31B27669D00D5ED5B /* calendarioView.swift */ = {isa = PBXFileReference; fileEncoding = 4; lastKnownFileType = sourcecode.swift; path = calendarioView.swift; sourceTree = "<group>"; };
		6EB9CCB51B2766AC00D5ED5B /* AgendaViewController.swift */ = {isa = PBXFileReference; fileEncoding = 4; lastKnownFileType = sourcecode.swift; path = AgendaViewController.swift; sourceTree = "<group>"; };
		6EC09A801B30EAD60090F2F0 /* TarefaTableViewController.swift */ = {isa = PBXFileReference; fileEncoding = 4; lastKnownFileType = sourcecode.swift; path = TarefaTableViewController.swift; sourceTree = "<group>"; };
		6EC09A821B30F1D80090F2F0 /* TarefaTableViewCell.swift */ = {isa = PBXFileReference; fileEncoding = 4; lastKnownFileType = sourcecode.swift; path = TarefaTableViewCell.swift; sourceTree = "<group>"; };
		6EC09A841B3245070090F2F0 /* MateriaViewController.swift */ = {isa = PBXFileReference; fileEncoding = 4; lastKnownFileType = sourcecode.swift; path = MateriaViewController.swift; sourceTree = "<group>"; };
/* End PBXFileReference section */

/* Begin PBXFrameworksBuildPhase section */
		4BD6B3301B25FFC600451E4C /* Frameworks */ = {
			isa = PBXFrameworksBuildPhase;
			buildActionMask = 2147483647;
			files = (
				21ADD80B1B34953D00AD9678 /* CloudKit.framework in Frameworks */,
			);
			runOnlyForDeploymentPostprocessing = 0;
		};
		4BD6B3481B25FFC600451E4C /* Frameworks */ = {
			isa = PBXFrameworksBuildPhase;
			buildActionMask = 2147483647;
			files = (
			);
			runOnlyForDeploymentPostprocessing = 0;
		};
/* End PBXFrameworksBuildPhase section */

/* Begin PBXGroup section */
		4BCFC4E01B2B0A24007E85F5 /* Models */ = {
			isa = PBXGroup;
			children = (
				4BCFC4D81B2B0725007E85F5 /* Aluno.swift */,
				4BCFC4DE1B2B09E8007E85F5 /* Avaliacao.swift */,
				4BCFC4DC1B2B09E7007E85F5 /* Materia.swift */,
			);
			name = Models;
			sourceTree = "<group>";
		};
		4BCFC4E51B2B12A8007E85F5 /* Persistence */ = {
			isa = PBXGroup;
			children = (
				4BCFC4E11B2B0AC2007E85F5 /* CoreDataManager.swift */,
				4BBCDFFD1B277B0A0072F08B /* AlunoManager.swift */,
				4BBCDFFF1B277E1F0072F08B /* AvaliacaoManager.swift */,
				4BCFC4E31B2B10DF007E85F5 /* MateriaManager.swift */,
			);
			name = Persistence;
			sourceTree = "<group>";
		};
		4BD6B32A1B25FFC600451E4C = {
			isa = PBXGroup;
			children = (
				21ADD80A1B34953D00AD9678 /* CloudKit.framework */,
				218097201B32897900AA7AFF /* AdicionarMateriaTableViewController.swift */,
				4BEC1C7E1B2B5E0200F8C024 /* AdicionarTarefaTableViewController.swift */,
				4BD6B3351B25FFC600451E4C /* SchedulerApp */,
				4BD6B34E1B25FFC600451E4C /* SchedulerAppTests */,
				4BD6B3341B25FFC600451E4C /* Products */,
			);
			sourceTree = "<group>";
		};
		4BD6B3341B25FFC600451E4C /* Products */ = {
			isa = PBXGroup;
			children = (
				4BD6B3331B25FFC600451E4C /* SchedulerApp.app */,
				4BD6B34B1B25FFC600451E4C /* SchedulerAppTests.xctest */,
			);
			name = Products;
			sourceTree = "<group>";
		};
		4BD6B3351B25FFC600451E4C /* SchedulerApp */ = {
			isa = PBXGroup;
			children = (
				21ADD8091B34952800AD9678 /* SchedulerApp.entitlements */,
				4BD6B3381B25FFC600451E4C /* AppDelegate.swift */,
				4BCFC4E51B2B12A8007E85F5 /* Persistence */,
				6EB9CCB31B27669D00D5ED5B /* calendarioView.swift */,
				6EB9CCB51B2766AC00D5ED5B /* AgendaViewController.swift */,
				4BD6B33D1B25FFC600451E4C /* ViewController.swift */,
				4BBCDFFB1B2762770072F08B /* ProfileViewController.swift */,
				4BEC1C731B2B4C5900F8C024 /* StoryBoards */,
				4BD6B35F1B26135800451E4C /* EditProfileViewController.swift */,
				4BCFC4E01B2B0A24007E85F5 /* Models */,
				4BD6B3421B25FFC600451E4C /* Images.xcassets */,
				4BD6B3441B25FFC600451E4C /* LaunchScreen.xib */,
				4BD6B33A1B25FFC600451E4C /* SchedulerApp.xcdatamodeld */,
				4BD6B3361B25FFC600451E4C /* Supporting Files */,
			);
			path = SchedulerApp;
			sourceTree = "<group>";
		};
		4BD6B3361B25FFC600451E4C /* Supporting Files */ = {
			isa = PBXGroup;
			children = (
				4BD6B3371B25FFC600451E4C /* Info.plist */,
			);
			name = "Supporting Files";
			sourceTree = "<group>";
		};
		4BD6B34E1B25FFC600451E4C /* SchedulerAppTests */ = {
			isa = PBXGroup;
			children = (
				4BD6B3511B25FFC600451E4C /* SchedulerAppTests.swift */,
				4BD6B34F1B25FFC600451E4C /* Supporting Files */,
			);
			path = SchedulerAppTests;
			sourceTree = "<group>";
		};
		4BD6B34F1B25FFC600451E4C /* Supporting Files */ = {
			isa = PBXGroup;
			children = (
				4BD6B3501B25FFC600451E4C /* Info.plist */,
			);
			name = "Supporting Files";
			sourceTree = "<group>";
		};
		4BD739FD1B2D2AEE00509E04 /* Usuário */ = {
			isa = PBXGroup;
			children = (
				4BD739F91B2D209100509E04 /* DadosUsuárioTableViewController.swift */,
				4BD739FB1B2D26FB00509E04 /* FirstTableViewController.swift */,
				6EC09A801B30EAD60090F2F0 /* TarefaTableViewController.swift */,
				6EC09A821B30F1D80090F2F0 /* TarefaTableViewCell.swift */,
				6EC09A841B3245070090F2F0 /* MateriaViewController.swift */,
				218097221B33126A00AA7AFF /* MateriaTableViewCell.swift */,
			);
			name = "Usuário";
			sourceTree = "<group>";
		};
		4BEC1C731B2B4C5900F8C024 /* StoryBoards */ = {
			isa = PBXGroup;
			children = (
				4BD6B33F1B25FFC600451E4C /* StoryBoardIphone.storyboard */,
				4BBCDFF91B27570E0072F08B /* MainIpad.storyboard */,
				4BD739FD1B2D2AEE00509E04 /* Usuário */,
				4BD739F71B2D1CD400509E04 /* testeSalvarMateria.swift */,
				4BCDA6BC1B2BC4C5003D8B01 /* MateriasTableViewController.swift */,
			);
			name = StoryBoards;
			sourceTree = "<group>";
		};
/* End PBXGroup section */

/* Begin PBXNativeTarget section */
		4BD6B3321B25FFC600451E4C /* SchedulerApp */ = {
			isa = PBXNativeTarget;
			buildConfigurationList = 4BD6B3551B25FFC600451E4C /* Build configuration list for PBXNativeTarget "SchedulerApp" */;
			buildPhases = (
				4BD6B32F1B25FFC600451E4C /* Sources */,
				4BD6B3301B25FFC600451E4C /* Frameworks */,
				4BD6B3311B25FFC600451E4C /* Resources */,
			);
			buildRules = (
			);
			dependencies = (
			);
			name = SchedulerApp;
			productName = SchedulerApp;
			productReference = 4BD6B3331B25FFC600451E4C /* SchedulerApp.app */;
			productType = "com.apple.product-type.application";
		};
		4BD6B34A1B25FFC600451E4C /* SchedulerAppTests */ = {
			isa = PBXNativeTarget;
			buildConfigurationList = 4BD6B3581B25FFC600451E4C /* Build configuration list for PBXNativeTarget "SchedulerAppTests" */;
			buildPhases = (
				4BD6B3471B25FFC600451E4C /* Sources */,
				4BD6B3481B25FFC600451E4C /* Frameworks */,
				4BD6B3491B25FFC600451E4C /* Resources */,
			);
			buildRules = (
			);
			dependencies = (
				4BD6B34D1B25FFC600451E4C /* PBXTargetDependency */,
			);
			name = SchedulerAppTests;
			productName = SchedulerAppTests;
			productReference = 4BD6B34B1B25FFC600451E4C /* SchedulerAppTests.xctest */;
			productType = "com.apple.product-type.bundle.unit-test";
		};
/* End PBXNativeTarget section */

/* Begin PBXProject section */
		4BD6B32B1B25FFC600451E4C /* Project object */ = {
			isa = PBXProject;
			attributes = {
				LastUpgradeCheck = 0630;
				ORGANIZATIONNAME = "Mariana Medeiro";
				TargetAttributes = {
					4BD6B3321B25FFC600451E4C = {
						CreatedOnToolsVersion = 6.3.2;
						DevelopmentTeam = 7Q38B56865;
						SystemCapabilities = {
							com.apple.iCloud = {
								enabled = 1;
							};
						};
					};
					4BD6B34A1B25FFC600451E4C = {
						CreatedOnToolsVersion = 6.3.2;
						TestTargetID = 4BD6B3321B25FFC600451E4C;
					};
				};
			};
			buildConfigurationList = 4BD6B32E1B25FFC600451E4C /* Build configuration list for PBXProject "SchedulerApp" */;
			compatibilityVersion = "Xcode 3.2";
			developmentRegion = English;
			hasScannedForEncodings = 0;
			knownRegions = (
				en,
				Base,
			);
			mainGroup = 4BD6B32A1B25FFC600451E4C;
			productRefGroup = 4BD6B3341B25FFC600451E4C /* Products */;
			projectDirPath = "";
			projectRoot = "";
			targets = (
				4BD6B3321B25FFC600451E4C /* SchedulerApp */,
				4BD6B34A1B25FFC600451E4C /* SchedulerAppTests */,
			);
		};
/* End PBXProject section */

/* Begin PBXResourcesBuildPhase section */
		4BD6B3311B25FFC600451E4C /* Resources */ = {
			isa = PBXResourcesBuildPhase;
			buildActionMask = 2147483647;
			files = (
				4BD6B3411B25FFC600451E4C /* StoryBoardIphone.storyboard in Resources */,
				4BD6B3461B25FFC600451E4C /* LaunchScreen.xib in Resources */,
				4BD6B3431B25FFC600451E4C /* Images.xcassets in Resources */,
				4BBCDFFA1B27570E0072F08B /* MainIpad.storyboard in Resources */,
			);
			runOnlyForDeploymentPostprocessing = 0;
		};
		4BD6B3491B25FFC600451E4C /* Resources */ = {
			isa = PBXResourcesBuildPhase;
			buildActionMask = 2147483647;
			files = (
			);
			runOnlyForDeploymentPostprocessing = 0;
		};
/* End PBXResourcesBuildPhase section */

/* Begin PBXSourcesBuildPhase section */
		4BD6B32F1B25FFC600451E4C /* Sources */ = {
			isa = PBXSourcesBuildPhase;
			buildActionMask = 2147483647;
			files = (
				6EC09A851B3245070090F2F0 /* MateriaViewController.swift in Sources */,
				4BD6B33E1B25FFC600451E4C /* ViewController.swift in Sources */,
				4BEC1C7F1B2B5E0200F8C024 /* AdicionarTarefaTableViewController.swift in Sources */,
				4BD6B3601B26135800451E4C /* EditProfileViewController.swift in Sources */,
				4BD739FC1B2D26FB00509E04 /* FirstTableViewController.swift in Sources */,
				4BBCDFFE1B277B0A0072F08B /* AlunoManager.swift in Sources */,
				6EC09A831B30F1D80090F2F0 /* TarefaTableViewCell.swift in Sources */,
				4BBCE0001B277E1F0072F08B /* AvaliacaoManager.swift in Sources */,
				4BD6B3391B25FFC600451E4C /* AppDelegate.swift in Sources */,
				6EB9CCB41B27669D00D5ED5B /* calendarioView.swift in Sources */,
				4BBCDFFC1B2762770072F08B /* ProfileViewController.swift in Sources */,
				218097231B33126A00AA7AFF /* MateriaTableViewCell.swift in Sources */,
				4BCFC4E21B2B0AC2007E85F5 /* CoreDataManager.swift in Sources */,
				4BCFC4DF1B2B09E8007E85F5 /* Avaliacao.swift in Sources */,
				4BCFC4E41B2B10DF007E85F5 /* MateriaManager.swift in Sources */,
				218097211B32897900AA7AFF /* AdicionarMateriaTableViewController.swift in Sources */,
				4BCDA6BD1B2BC4C5003D8B01 /* MateriasTableViewController.swift in Sources */,
				4BCFC4D91B2B0725007E85F5 /* Aluno.swift in Sources */,
				4BCFC4DD1B2B09E7007E85F5 /* Materia.swift in Sources */,
				4BD739FA1B2D209100509E04 /* DadosUsuárioTableViewController.swift in Sources */,
				6EC09A811B30EAD60090F2F0 /* TarefaTableViewController.swift in Sources */,
				4BD6B33C1B25FFC600451E4C /* SchedulerApp.xcdatamodeld in Sources */,
				6EB9CCB61B2766AC00D5ED5B /* AgendaViewController.swift in Sources */,
				4BD739F81B2D1CD400509E04 /* testeSalvarMateria.swift in Sources */,
			);
			runOnlyForDeploymentPostprocessing = 0;
		};
		4BD6B3471B25FFC600451E4C /* Sources */ = {
			isa = PBXSourcesBuildPhase;
			buildActionMask = 2147483647;
			files = (
				4BD6B3521B25FFC600451E4C /* SchedulerAppTests.swift in Sources */,
			);
			runOnlyForDeploymentPostprocessing = 0;
		};
/* End PBXSourcesBuildPhase section */

/* Begin PBXTargetDependency section */
		4BD6B34D1B25FFC600451E4C /* PBXTargetDependency */ = {
			isa = PBXTargetDependency;
			target = 4BD6B3321B25FFC600451E4C /* SchedulerApp */;
			targetProxy = 4BD6B34C1B25FFC600451E4C /* PBXContainerItemProxy */;
		};
/* End PBXTargetDependency section */

/* Begin PBXVariantGroup section */
		4BD6B33F1B25FFC600451E4C /* StoryBoardIphone.storyboard */ = {
			isa = PBXVariantGroup;
			children = (
				4BD6B3401B25FFC600451E4C /* Base */,
			);
			name = StoryBoardIphone.storyboard;
			sourceTree = "<group>";
		};
		4BD6B3441B25FFC600451E4C /* LaunchScreen.xib */ = {
			isa = PBXVariantGroup;
			children = (
				4BD6B3451B25FFC600451E4C /* Base */,
			);
			name = LaunchScreen.xib;
			sourceTree = "<group>";
		};
/* End PBXVariantGroup section */

/* Begin XCBuildConfiguration section */
		4BD6B3531B25FFC600451E4C /* Debug */ = {
			isa = XCBuildConfiguration;
			buildSettings = {
				ALWAYS_SEARCH_USER_PATHS = NO;
				CLANG_CXX_LANGUAGE_STANDARD = "gnu++0x";
				CLANG_CXX_LIBRARY = "libc++";
				CLANG_ENABLE_MODULES = YES;
				CLANG_ENABLE_OBJC_ARC = YES;
				CLANG_WARN_BOOL_CONVERSION = YES;
				CLANG_WARN_CONSTANT_CONVERSION = YES;
				CLANG_WARN_DIRECT_OBJC_ISA_USAGE = YES_ERROR;
				CLANG_WARN_EMPTY_BODY = YES;
				CLANG_WARN_ENUM_CONVERSION = YES;
				CLANG_WARN_INT_CONVERSION = YES;
				CLANG_WARN_OBJC_ROOT_CLASS = YES_ERROR;
				CLANG_WARN_UNREACHABLE_CODE = YES;
				CLANG_WARN__DUPLICATE_METHOD_MATCH = YES;
				"CODE_SIGN_IDENTITY[sdk=iphoneos*]" = "iPhone Developer";
				COPY_PHASE_STRIP = NO;
				DEBUG_INFORMATION_FORMAT = "dwarf-with-dsym";
				ENABLE_STRICT_OBJC_MSGSEND = YES;
				GCC_C_LANGUAGE_STANDARD = gnu99;
				GCC_DYNAMIC_NO_PIC = NO;
				GCC_NO_COMMON_BLOCKS = YES;
				GCC_OPTIMIZATION_LEVEL = 0;
				GCC_PREPROCESSOR_DEFINITIONS = (
					"DEBUG=1",
					"$(inherited)",
				);
				GCC_SYMBOLS_PRIVATE_EXTERN = NO;
				GCC_WARN_64_TO_32_BIT_CONVERSION = YES;
				GCC_WARN_ABOUT_RETURN_TYPE = YES_ERROR;
				GCC_WARN_UNDECLARED_SELECTOR = YES;
				GCC_WARN_UNINITIALIZED_AUTOS = YES_AGGRESSIVE;
				GCC_WARN_UNUSED_FUNCTION = YES;
				GCC_WARN_UNUSED_VARIABLE = YES;
				IPHONEOS_DEPLOYMENT_TARGET = 8.3;
				MTL_ENABLE_DEBUG_INFO = YES;
				ONLY_ACTIVE_ARCH = YES;
				SDKROOT = iphoneos;
				SWIFT_OPTIMIZATION_LEVEL = "-Onone";
			};
			name = Debug;
		};
		4BD6B3541B25FFC600451E4C /* Release */ = {
			isa = XCBuildConfiguration;
			buildSettings = {
				ALWAYS_SEARCH_USER_PATHS = NO;
				CLANG_CXX_LANGUAGE_STANDARD = "gnu++0x";
				CLANG_CXX_LIBRARY = "libc++";
				CLANG_ENABLE_MODULES = YES;
				CLANG_ENABLE_OBJC_ARC = YES;
				CLANG_WARN_BOOL_CONVERSION = YES;
				CLANG_WARN_CONSTANT_CONVERSION = YES;
				CLANG_WARN_DIRECT_OBJC_ISA_USAGE = YES_ERROR;
				CLANG_WARN_EMPTY_BODY = YES;
				CLANG_WARN_ENUM_CONVERSION = YES;
				CLANG_WARN_INT_CONVERSION = YES;
				CLANG_WARN_OBJC_ROOT_CLASS = YES_ERROR;
				CLANG_WARN_UNREACHABLE_CODE = YES;
				CLANG_WARN__DUPLICATE_METHOD_MATCH = YES;
				"CODE_SIGN_IDENTITY[sdk=iphoneos*]" = "iPhone Developer";
				COPY_PHASE_STRIP = NO;
				DEBUG_INFORMATION_FORMAT = "dwarf-with-dsym";
				ENABLE_NS_ASSERTIONS = NO;
				ENABLE_STRICT_OBJC_MSGSEND = YES;
				GCC_C_LANGUAGE_STANDARD = gnu99;
				GCC_NO_COMMON_BLOCKS = YES;
				GCC_WARN_64_TO_32_BIT_CONVERSION = YES;
				GCC_WARN_ABOUT_RETURN_TYPE = YES_ERROR;
				GCC_WARN_UNDECLARED_SELECTOR = YES;
				GCC_WARN_UNINITIALIZED_AUTOS = YES_AGGRESSIVE;
				GCC_WARN_UNUSED_FUNCTION = YES;
				GCC_WARN_UNUSED_VARIABLE = YES;
				IPHONEOS_DEPLOYMENT_TARGET = 8.3;
				MTL_ENABLE_DEBUG_INFO = NO;
				SDKROOT = iphoneos;
				VALIDATE_PRODUCT = YES;
			};
			name = Release;
		};
		4BD6B3561B25FFC600451E4C /* Debug */ = {
			isa = XCBuildConfiguration;
			buildSettings = {
				ASSETCATALOG_COMPILER_APPICON_NAME = AppIcon;
				CODE_SIGN_ENTITLEMENTS = SchedulerApp/SchedulerApp.entitlements;
				CODE_SIGN_IDENTITY = "iPhone Developer";
				"CODE_SIGN_IDENTITY[sdk=iphoneos*]" = "iPhone Developer";
				INFOPLIST_FILE = SchedulerApp/Info.plist;
				IPHONEOS_DEPLOYMENT_TARGET = 8.3;
				LD_RUNPATH_SEARCH_PATHS = "$(inherited) @executable_path/Frameworks";
				PRODUCT_NAME = "$(TARGET_NAME)";
				PROVISIONING_PROFILE = "";
				TARGETED_DEVICE_FAMILY = "1,2";
			};
			name = Debug;
		};
		4BD6B3571B25FFC600451E4C /* Release */ = {
			isa = XCBuildConfiguration;
			buildSettings = {
				ASSETCATALOG_COMPILER_APPICON_NAME = AppIcon;
				CODE_SIGN_ENTITLEMENTS = SchedulerApp/SchedulerApp.entitlements;
				CODE_SIGN_IDENTITY = "iPhone Developer";
				"CODE_SIGN_IDENTITY[sdk=iphoneos*]" = "iPhone Developer";
				INFOPLIST_FILE = SchedulerApp/Info.plist;
				IPHONEOS_DEPLOYMENT_TARGET = 8.3;
				LD_RUNPATH_SEARCH_PATHS = "$(inherited) @executable_path/Frameworks";
				PRODUCT_NAME = "$(TARGET_NAME)";
				PROVISIONING_PROFILE = "";
				TARGETED_DEVICE_FAMILY = "1,2";
			};
			name = Release;
		};
		4BD6B3591B25FFC600451E4C /* Debug */ = {
			isa = XCBuildConfiguration;
			buildSettings = {
				BUNDLE_LOADER = "$(TEST_HOST)";
				FRAMEWORK_SEARCH_PATHS = (
					"$(SDKROOT)/Developer/Library/Frameworks",
					"$(inherited)",
				);
				GCC_PREPROCESSOR_DEFINITIONS = (
					"DEBUG=1",
					"$(inherited)",
				);
				INFOPLIST_FILE = SchedulerAppTests/Info.plist;
				LD_RUNPATH_SEARCH_PATHS = "$(inherited) @executable_path/Frameworks @loader_path/Frameworks";
				PRODUCT_NAME = "$(TARGET_NAME)";
				TEST_HOST = "$(BUILT_PRODUCTS_DIR)/SchedulerApp.app/SchedulerApp";
			};
			name = Debug;
		};
		4BD6B35A1B25FFC600451E4C /* Release */ = {
			isa = XCBuildConfiguration;
			buildSettings = {
				BUNDLE_LOADER = "$(TEST_HOST)";
				FRAMEWORK_SEARCH_PATHS = (
					"$(SDKROOT)/Developer/Library/Frameworks",
					"$(inherited)",
				);
				INFOPLIST_FILE = SchedulerAppTests/Info.plist;
				LD_RUNPATH_SEARCH_PATHS = "$(inherited) @executable_path/Frameworks @loader_path/Frameworks";
				PRODUCT_NAME = "$(TARGET_NAME)";
				TEST_HOST = "$(BUILT_PRODUCTS_DIR)/SchedulerApp.app/SchedulerApp";
			};
			name = Release;
		};
/* End XCBuildConfiguration section */

/* Begin XCConfigurationList section */
		4BD6B32E1B25FFC600451E4C /* Build configuration list for PBXProject "SchedulerApp" */ = {
			isa = XCConfigurationList;
			buildConfigurations = (
				4BD6B3531B25FFC600451E4C /* Debug */,
				4BD6B3541B25FFC600451E4C /* Release */,
			);
			defaultConfigurationIsVisible = 0;
			defaultConfigurationName = Release;
		};
		4BD6B3551B25FFC600451E4C /* Build configuration list for PBXNativeTarget "SchedulerApp" */ = {
			isa = XCConfigurationList;
			buildConfigurations = (
				4BD6B3561B25FFC600451E4C /* Debug */,
				4BD6B3571B25FFC600451E4C /* Release */,
			);
			defaultConfigurationIsVisible = 0;
			defaultConfigurationName = Release;
		};
		4BD6B3581B25FFC600451E4C /* Build configuration list for PBXNativeTarget "SchedulerAppTests" */ = {
			isa = XCConfigurationList;
			buildConfigurations = (
				4BD6B3591B25FFC600451E4C /* Debug */,
				4BD6B35A1B25FFC600451E4C /* Release */,
			);
			defaultConfigurationIsVisible = 0;
			defaultConfigurationName = Release;
		};
/* End XCConfigurationList section */

/* Begin XCVersionGroup section */
		4BD6B33A1B25FFC600451E4C /* SchedulerApp.xcdatamodeld */ = {
			isa = XCVersionGroup;
			children = (
				4BD6B33B1B25FFC600451E4C /* SchedulerApp.xcdatamodel */,
			);
			currentVersion = 4BD6B33B1B25FFC600451E4C /* SchedulerApp.xcdatamodel */;
			path = SchedulerApp.xcdatamodeld;
			sourceTree = "<group>";
			versionGroupType = wrapper.xcdatamodel;
		};
/* End XCVersionGroup section */
	};
	rootObject = 4BD6B32B1B25FFC600451E4C /* Project object */;
}
